
Microsoft Visual Studio Solution File, Format Version 12.00
# Visual Studio 15
VisualStudioVersion = 15.0.26403.7
MinimumVisualStudioVersion = 10.0.40219.1
Project("{FAE04EC0-301F-11D3-BF4B-00C04F79EFBC}") = "Optimal.MagnumMicroservices.Library", "Optimal.MagnumMicroservices.Library\Optimal.MagnumMicroservices.Library.csproj", "{2F3925AF-36CC-40C0-8C6B-2C5CC62AC8D3}"
EndProject
Project("{FAE04EC0-301F-11D3-BF4B-00C04F79EFBC}") = "Optimal.MagnumMicroservices.Library.Tests", "Optimal.MagnumMicroservices.Library.Tests\Optimal.MagnumMicroservices.Library.Tests.csproj", "{B85ED914-0753-4DE9-AFC5-77C9AAB39364}"
EndProject
Global
	GlobalSection(SolutionConfigurationPlatforms) = preSolution
		Debug|Any CPU = Debug|Any CPU
		Release|Any CPU = Release|Any CPU
	EndGlobalSection
	GlobalSection(ProjectConfigurationPlatforms) = postSolution
		{2F3925AF-36CC-40C0-8C6B-2C5CC62AC8D3}.Debug|Any CPU.ActiveCfg = Debug|Any CPU
		{2F3925AF-36CC-40C0-8C6B-2C5CC62AC8D3}.Debug|Any CPU.Build.0 = Debug|Any CPU
		{2F3925AF-36CC-40C0-8C6B-2C5CC62AC8D3}.Release|Any CPU.ActiveCfg = Release|Any CPU
		{2F3925AF-36CC-40C0-8C6B-2C5CC62AC8D3}.Release|Any CPU.Build.0 = Release|Any CPU
		{B85ED914-0753-4DE9-AFC5-77C9AAB39364}.Debug|Any CPU.ActiveCfg = Debug|Any CPU
		{B85ED914-0753-4DE9-AFC5-77C9AAB39364}.Debug|Any CPU.Build.0 = Debug|Any CPU
		{B85ED914-0753-4DE9-AFC5-77C9AAB39364}.Release|Any CPU.ActiveCfg = Release|Any CPU
		{B85ED914-0753-4DE9-AFC5-77C9AAB39364}.Release|Any CPU.Build.0 = Release|Any CPU
	EndGlobalSection
	GlobalSection(SolutionProperties) = preSolution
		HideSolutionNode = FALSE
	EndGlobalSection
EndGlobal
